
Microsoft Visual Studio Solution File, Format Version 12.00
# Visual Studio Version 17
VisualStudioVersion = 17.5.002.0
MinimumVisualStudioVersion = 10.0.40219.1
Project("{9A19103F-16F7-4668-BE54-9A1E7A4F7556}") = "XPrism.Core", "XPrism.Core.csproj", "{D0B42F83-4CC4-4116-90AE-AB319FC0ECA2}"
EndProject
Global
	GlobalSection(SolutionConfigurationPlatforms) = preSolution
		Debug|Any CPU = Debug|Any CPU
		Release|Any CPU = Release|Any CPU
	EndGlobalSection
	GlobalSection(ProjectConfigurationPlatforms) = postSolution
		{D0B42F83-4CC4-4116-90AE-AB319FC0ECA2}.Debug|Any CPU.ActiveCfg = Debug|Any CPU
		{D0B42F83-4CC4-4116-90AE-AB319FC0ECA2}.Debug|Any CPU.Build.0 = Debug|Any CPU
		{D0B42F83-4CC4-4116-90AE-AB319FC0ECA2}.Release|Any CPU.ActiveCfg = Release|Any CPU
		{D0B42F83-4CC4-4116-90AE-AB319FC0ECA2}.Release|Any CPU.Build.0 = Release|Any CPU
	EndGlobalSection
	GlobalSection(SolutionProperties) = preSolution
		HideSolutionNode = FALSE
	EndGlobalSection
	GlobalSection(ExtensibilityGlobals) = postSolution
		SolutionGuid = {03DBA345-CD79-4B20-B589-63F505B03E75}
	EndGlobalSection
EndGlobal
